schema: '2.0'
stages:
  train:
    cmd: python src/model.py
    deps:
    - path: params.yaml
      hash: md5
      md5: 035a4b1ded5b56b93d2f3255359e5d04
      size: 638
    - path: src/model.py
      hash: md5
      md5: 50979d7d91bdfbb50475203dff1825d8
      size: 14226
    - path: test/test.csv
      hash: md5
      md5: f8c78ea9b9b05712b93f542d30e39f73
      size: 68432
    - path: train/train.csv
      hash: md5
      md5: 39c71d42aaeb6da48571daa654e1e5f2
      size: 324683
    params:
      params.yaml:
        callbacks:
          early_stopping_patience: 15
          reduce_lr_patience: 5
          reduce_lr_factor: 0.5
          reduce_lr_min_lr: 1e-06
        data:
          test_size: 0.2
          random_seed: 42
        model:
          num_classes: 7
          epochs: 100
          batch_size: 32
          learning_rate: 0.001
          dense_units_1: 256
          dense_units_2: 128
          dense_units_3: 64
          dense_units_4: 32
          dropout_1: 0.3
          dropout_2: 0.2
    outs:
    - path: artifacts/data/X_test.npy
      hash: md5
      md5: d05f8cfc0f0e536c9638d5d9bd8f2783
      size: 54256
    - path: artifacts/data/X_train.npy
      hash: md5
      md5: cbb1da7e8137483eee2643cda62c4bb6
      size: 216368
    - path: artifacts/data/y_test.npy
      hash: md5
      md5: ce3a2387e6c947df5c99093980f5213c
      size: 3312
    - path: artifacts/data/y_train.npy
      hash: md5
      md5: 195c09a3e2cd1f7dfdd53c20860c19f0
      size: 12848
    - path: artifacts/feature_columns.json
      hash: md5
      md5: dbb14a786675151d89aeb6df6e759356
      size: 201
    - path: artifacts/metadata/model_info.json
      hash: md5
      md5: 7df9ab96cbb06f05b06b0b425042ee32
      size: 749
    - path: artifacts/metrics/test_metrics.json
      hash: md5
      md5: 8f4798766fa2104ee938954bb6e51b86
      size: 81
    - path: artifacts/preprocessing/class_names.json
      hash: md5
      md5: 6fbc324e46dcafe10977af7b22a81ea8
      size: 158
    - path: artifacts/preprocessing/encoder.pkl
      hash: md5
      md5: ca10010125ffa14ee0fabf3e05b63789
      size: 608
    - path: artifacts/preprocessing/feature_columns.json
      hash: md5
      md5: dbb14a786675151d89aeb6df6e759356
      size: 201
    - path: artifacts/preprocessing/freq_maps.json
      hash: md5
      md5: 99914b932bd37a50b983c5e7c90ae93b
      size: 2
    - path: artifacts/preprocessing/scaler.pkl
      hash: md5
      md5: 07d0a0d1c74bf079992d0489a5711a83
      size: 975
    - path: artifacts/training_history.json
      hash: md5
      md5: cdf3c6ae1aaa2dd51e178e44ed34812e
      size: 4829
    - path: models/model.keras
      hash: md5
      md5: 06088ec52ee7c75ff263daf351152132
      size: 643251
  evaluate:
    cmd: python src/evaluate.py
    deps:
    - path: artifacts/data/X_test.npy
      hash: md5
      md5: d05f8cfc0f0e536c9638d5d9bd8f2783
      size: 54256
    - path: artifacts/data/y_test.npy
      hash: md5
      md5: ce3a2387e6c947df5c99093980f5213c
      size: 3312
    - path: artifacts/feature_columns.json
      hash: md5
      md5: dbb14a786675151d89aeb6df6e759356
      size: 201
    - path: artifacts/preprocessing/encoder.pkl
      hash: md5
      md5: ca10010125ffa14ee0fabf3e05b63789
      size: 608
    - path: artifacts/preprocessing/freq_maps.json
      hash: md5
      md5: 99914b932bd37a50b983c5e7c90ae93b
      size: 2
    - path: artifacts/preprocessing/scaler.pkl
      hash: md5
      md5: 07d0a0d1c74bf079992d0489a5711a83
      size: 975
    - path: artifacts/training_history.json
      hash: md5
      md5: cdf3c6ae1aaa2dd51e178e44ed34812e
      size: 4829
    - path: models/model.keras
      hash: md5
      md5: 06088ec52ee7c75ff263daf351152132
      size: 643251
    - path: params.yaml
      hash: md5
      md5: 035a4b1ded5b56b93d2f3255359e5d04
      size: 638
    - path: src/evaluate.py
      hash: md5
      md5: e5d5a3d2986e0e4a5ebfebce7e57d386
      size: 10268
    - path: test/test.csv
      hash: md5
      md5: f8c78ea9b9b05712b93f542d30e39f73
      size: 68432
    params:
      params.yaml:
        evaluate:
          metrics_path: metrics.json
    outs:
    - path: confusion_matrix.png
      hash: md5
      md5: a3f33df7ffc32aa8ab741c802e664df1
      size: 152684
    - path: metrics.json
      hash: md5
      md5: d83c5d8ee8a55c42e57d4b6a00b3a718
      size: 797
    - path: per_class_f1.png
      hash: md5
      md5: d865ca273564ee31b4a9465e6f4af252
      size: 103075
    - path: training_history.png
      hash: md5
      md5: 689b67a78b1d562a93d839f9bcc0ab4d
      size: 150930
