schema: '2.0'
stages:
  train:
    cmd: python src/model.py
    deps:
    - path: params.yaml
      hash: md5
      md5: 035a4b1ded5b56b93d2f3255359e5d04
      size: 638
    - path: src/model.py
      hash: md5
      md5: 50979d7d91bdfbb50475203dff1825d8
      size: 14226
    - path: test/test.csv
      hash: md5
      md5: f8c78ea9b9b05712b93f542d30e39f73
      size: 68432
    - path: train/train.csv
      hash: md5
      md5: fd39f0fce1ddd759b0e8aadfdb74f9f4
      size: 300873
    params:
      params.yaml:
        callbacks:
          early_stopping_patience: 15
          reduce_lr_patience: 5
          reduce_lr_factor: 0.5
          reduce_lr_min_lr: 1e-06
        data:
          test_size: 0.2
          random_seed: 42
        model:
          num_classes: 7
          epochs: 100
          batch_size: 32
          learning_rate: 0.001
          dense_units_1: 256
          dense_units_2: 128
          dense_units_3: 64
          dense_units_4: 32
          dropout_1: 0.3
          dropout_2: 0.2
    outs:
    - path: artifacts/data/X_test.npy
      hash: md5
      md5: 1e0ea06bc70f4317dbacbcc19892c456
      size: 50448
    - path: artifacts/data/X_train.npy
      hash: md5
      md5: caf16f22970dfe1ce9bbc5e7f847376b
      size: 201136
    - path: artifacts/data/y_test.npy
      hash: md5
      md5: 6bd0149ba48a3bcaa7652e086ecc6245
      size: 3088
    - path: artifacts/data/y_train.npy
      hash: md5
      md5: e6581f0e91c3c7396aa3e0b662d25cda
      size: 11952
    - path: artifacts/feature_columns.json
      hash: md5
      md5: dbb14a786675151d89aeb6df6e759356
      size: 201
    - path: artifacts/metadata/model_info.json
      hash: md5
      md5: 5261fab554a3abbc6a94594fc2535b01
      size: 749
    - path: artifacts/metrics/test_metrics.json
      hash: md5
      md5: 646bc7c0c6eac093e39cca309740e200
      size: 81
    - path: artifacts/preprocessing/class_names.json
      hash: md5
      md5: 6fbc324e46dcafe10977af7b22a81ea8
      size: 158
    - path: artifacts/preprocessing/encoder.pkl
      hash: md5
      md5: ca10010125ffa14ee0fabf3e05b63789
      size: 608
    - path: artifacts/preprocessing/feature_columns.json
      hash: md5
      md5: dbb14a786675151d89aeb6df6e759356
      size: 201
    - path: artifacts/preprocessing/freq_maps.json
      hash: md5
      md5: 99914b932bd37a50b983c5e7c90ae93b
      size: 2
    - path: artifacts/preprocessing/scaler.pkl
      hash: md5
      md5: b41057edef6d7ea4ef1ded7e5db84793
      size: 975
    - path: artifacts/training_history.json
      hash: md5
      md5: b0643663bdb11987042fea16aaa88fde
      size: 4446
    - path: models/model.keras
      hash: md5
      md5: 7f4349c1380d4411f999fa68285ef294
      size: 643251
  evaluate:
    cmd: python src/evaluate.py
    deps:
    - path: artifacts/data/X_test.npy
      hash: md5
      md5: 1e0ea06bc70f4317dbacbcc19892c456
      size: 50448
    - path: artifacts/data/y_test.npy
      hash: md5
      md5: 6bd0149ba48a3bcaa7652e086ecc6245
      size: 3088
    - path: artifacts/feature_columns.json
      hash: md5
      md5: dbb14a786675151d89aeb6df6e759356
      size: 201
    - path: artifacts/preprocessing/encoder.pkl
      hash: md5
      md5: ca10010125ffa14ee0fabf3e05b63789
      size: 608
    - path: artifacts/preprocessing/freq_maps.json
      hash: md5
      md5: 99914b932bd37a50b983c5e7c90ae93b
      size: 2
    - path: artifacts/preprocessing/scaler.pkl
      hash: md5
      md5: b41057edef6d7ea4ef1ded7e5db84793
      size: 975
    - path: artifacts/training_history.json
      hash: md5
      md5: b0643663bdb11987042fea16aaa88fde
      size: 4446
    - path: models/model.keras
      hash: md5
      md5: 7f4349c1380d4411f999fa68285ef294
      size: 643251
    - path: params.yaml
      hash: md5
      md5: 035a4b1ded5b56b93d2f3255359e5d04
      size: 638
    - path: src/evaluate.py
      hash: md5
      md5: e5d5a3d2986e0e4a5ebfebce7e57d386
      size: 10268
    - path: test/test.csv
      hash: md5
      md5: f8c78ea9b9b05712b93f542d30e39f73
      size: 68432
    params:
      params.yaml:
        evaluate:
          metrics_path: metrics.json
    outs:
    - path: confusion_matrix.png
      hash: md5
      md5: 1ba93482bf95631a96041de61fed011a
      size: 154584
    - path: metrics.json
      hash: md5
      md5: 10cfe3099a25418aefc7fa69316782ec
      size: 828
    - path: per_class_f1.png
      hash: md5
      md5: 8d71e8b210b75deef86e7977d0f087cb
      size: 104775
    - path: training_history.png
      hash: md5
      md5: 44fa7377d02faf6484e1fbadf27f8808
      size: 155595
