schema: '2.0'
stages:
  train:
    cmd: python src/model.py
    deps:
    - path: params.yaml
      hash: md5
      md5: 035a4b1ded5b56b93d2f3255359e5d04
      size: 638
    - path: src/model.py
      hash: md5
      md5: 50979d7d91bdfbb50475203dff1825d8
      size: 14226
    - path: test/test.csv
      hash: md5
      md5: f8c78ea9b9b05712b93f542d30e39f73
      size: 68432
    - path: train/train.csv
      hash: md5
      md5: 90fd8810c01ee04c4bd39cbae2c15d21
      size: 296111
    params:
      params.yaml:
        callbacks:
          early_stopping_patience: 15
          reduce_lr_patience: 5
          reduce_lr_factor: 0.5
          reduce_lr_min_lr: 1e-06
        data:
          test_size: 0.2
          random_seed: 42
        model:
          num_classes: 7
          epochs: 100
          batch_size: 32
          learning_rate: 0.001
          dense_units_1: 256
          dense_units_2: 128
          dense_units_3: 64
          dense_units_4: 32
          dropout_1: 0.3
          dropout_2: 0.2
    outs:
    - path: artifacts/data/X_test.npy
      hash: md5
      md5: 8b15e87648abc9bb91a37c6b453f9657
      size: 49632
    - path: artifacts/data/X_train.npy
      hash: md5
      md5: 9f9b969e62fcc62539cb0b49c35aabdf
      size: 198144
    - path: artifacts/data/y_test.npy
      hash: md5
      md5: 08b518ab9017f665989846dde0cb22e7
      size: 3040
    - path: artifacts/data/y_train.npy
      hash: md5
      md5: 4bc5d552438e04a0e7d9c6b5cb0584db
      size: 11776
    - path: artifacts/feature_columns.json
      hash: md5
      md5: dbb14a786675151d89aeb6df6e759356
      size: 201
    - path: artifacts/metadata/model_info.json
      hash: md5
      md5: dc813fd60586dc7d21d76a3f4326180d
      size: 749
    - path: artifacts/metrics/test_metrics.json
      hash: md5
      md5: 5505834449c266f09e91712f393e170d
      size: 81
    - path: artifacts/preprocessing/class_names.json
      hash: md5
      md5: 6fbc324e46dcafe10977af7b22a81ea8
      size: 158
    - path: artifacts/preprocessing/encoder.pkl
      hash: md5
      md5: ca10010125ffa14ee0fabf3e05b63789
      size: 608
    - path: artifacts/preprocessing/feature_columns.json
      hash: md5
      md5: dbb14a786675151d89aeb6df6e759356
      size: 201
    - path: artifacts/preprocessing/freq_maps.json
      hash: md5
      md5: 99914b932bd37a50b983c5e7c90ae93b
      size: 2
    - path: artifacts/preprocessing/scaler.pkl
      hash: md5
      md5: ae9d0efe91979996239ecadaa7ee643d
      size: 975
    - path: artifacts/training_history.json
      hash: md5
      md5: 75c38477e5ece6a7d7874518798007f0
      size: 5426
    - path: models/model.keras
      hash: md5
      md5: 4c3b533fc075a2e1e34d7492e155e55f
      size: 643252
  evaluate:
    cmd: python src/evaluate.py
    deps:
    - path: artifacts/data/X_test.npy
      hash: md5
      md5: 8b15e87648abc9bb91a37c6b453f9657
      size: 49632
    - path: artifacts/data/y_test.npy
      hash: md5
      md5: 08b518ab9017f665989846dde0cb22e7
      size: 3040
    - path: artifacts/feature_columns.json
      hash: md5
      md5: dbb14a786675151d89aeb6df6e759356
      size: 201
    - path: artifacts/preprocessing/encoder.pkl
      hash: md5
      md5: ca10010125ffa14ee0fabf3e05b63789
      size: 608
    - path: artifacts/preprocessing/freq_maps.json
      hash: md5
      md5: 99914b932bd37a50b983c5e7c90ae93b
      size: 2
    - path: artifacts/preprocessing/scaler.pkl
      hash: md5
      md5: ae9d0efe91979996239ecadaa7ee643d
      size: 975
    - path: artifacts/training_history.json
      hash: md5
      md5: 75c38477e5ece6a7d7874518798007f0
      size: 5426
    - path: models/model.keras
      hash: md5
      md5: 4c3b533fc075a2e1e34d7492e155e55f
      size: 643252
    - path: params.yaml
      hash: md5
      md5: 035a4b1ded5b56b93d2f3255359e5d04
      size: 638
    - path: src/evaluate.py
      hash: md5
      md5: e5d5a3d2986e0e4a5ebfebce7e57d386
      size: 10268
    - path: test/test.csv
      hash: md5
      md5: f8c78ea9b9b05712b93f542d30e39f73
      size: 68432
    params:
      params.yaml:
        evaluate:
          metrics_path: metrics.json
    outs:
    - path: confusion_matrix.png
      hash: md5
      md5: 6c449a119e854808aed49b16d619567b
      size: 151957
    - path: metrics.json
      hash: md5
      md5: e65cdd09cd56a0621bfefaa928d1b0a3
      size: 829
    - path: per_class_f1.png
      hash: md5
      md5: a30ecf1de9438943576fa92579340891
      size: 104425
    - path: training_history.png
      hash: md5
      md5: c574d70d082e8a13dd51a3030c8f34d1
      size: 150738
